
Microsoft Visual Studio Solution File, Format Version 12.00
# Visual Studio Version 17
VisualStudioVersion = 17.11.35219.272
MinimumVisualStudioVersion = 10.0.40219.1
Project("{FAE04EC0-301F-11D3-BF4B-00C04F79EFBC}") = "Hw_Week2_2", "Hw_Week2_2\Hw_Week2_2.csproj", "{D2A32A79-C47E-4AF8-80D6-A20331D576C8}"
EndProject
Global
	GlobalSection(SolutionConfigurationPlatforms) = preSolution
		Debug|Any CPU = Debug|Any CPU
		Release|Any CPU = Release|Any CPU
	EndGlobalSection
	GlobalSection(ProjectConfigurationPlatforms) = postSolution
		{D2A32A79-C47E-4AF8-80D6-A20331D576C8}.Debug|Any CPU.ActiveCfg = Debug|Any CPU
		{D2A32A79-C47E-4AF8-80D6-A20331D576C8}.Debug|Any CPU.Build.0 = Debug|Any CPU
		{D2A32A79-C47E-4AF8-80D6-A20331D576C8}.Release|Any CPU.ActiveCfg = Release|Any CPU
		{D2A32A79-C47E-4AF8-80D6-A20331D576C8}.Release|Any CPU.Build.0 = Release|Any CPU
	EndGlobalSection
	GlobalSection(SolutionProperties) = preSolution
		HideSolutionNode = FALSE
	EndGlobalSection
	GlobalSection(ExtensibilityGlobals) = postSolution
		SolutionGuid = {C9A1EFD1-CA64-4C91-9FF6-DF352A39A309}
	EndGlobalSection
EndGlobal
